{
  "version": 4,
  "terraform_version": "1.3.1",
  "serial": 6,
  "lineage": "d5efff41-0b03-7b3a-5e80-e9a79401d522",
  "outputs": {},
  "resources": [
    {
      "mode": "managed",
      "type": "google_storage_bucket",
      "name": "GCS",
      "provider": "provider[\"registry.terraform.io/hashicorp/google\"]",
      "instances": [
        {
          "schema_version": 0,
          "attributes": {
            "cors": [],
            "custom_placement_config": [],
            "default_event_based_hold": false,
            "encryption": [],
            "force_destroy": false,
            "id": "bucket-from-terraform-10122022",
            "labels": {
              "dep": "complience",
              "env": "tf_env"
            },
            "lifecycle_rule": [
              {
                "action": [
                  {
                    "storage_class": "COLDLINE",
                    "type": "SetStorageClass"
                  }
                ],
                "condition": [
                  {
                    "age": 5,
                    "created_before": "",
                    "custom_time_before": "",
                    "days_since_custom_time": 0,
                    "days_since_noncurrent_time": 0,
                    "matches_prefix": [],
                    "matches_storage_class": [],
                    "matches_suffix": [],
                    "noncurrent_time_before": "",
                    "num_newer_versions": 0,
                    "with_state": "ANY"
                  }
                ]
              }
            ],
            "location": "US-CENTRAL1",
            "logging": [],
            "name": "bucket-from-terraform-10122022",
            "project": "terraform-project-365304",
            "requester_pays": false,
            "retention_policy": [
              {
                "is_locked": true,
                "retention_period": 864000
              }
            ],
            "self_link": "https://www.googleapis.com/storage/v1/b/bucket-from-terraform-10122022",
            "storage_class": "NEARLINE",
            "timeouts": null,
            "uniform_bucket_level_access": true,
            "url": "gs://bucket-from-terraform-10122022",
            "versioning": [],
            "website": []
          },
          "sensitive_attributes": [],
          "private": "eyJlMmJmYjczMC1lY2FhLTExZTYtOGY4OC0zNDM2M2JjN2M0YzAiOnsiY3JlYXRlIjoyNDAwMDAwMDAwMDAsInJlYWQiOjI0MDAwMDAwMDAwMCwidXBkYXRlIjoyNDAwMDAwMDAwMDB9fQ=="
        }
      ]
    },
    {
      "mode": "managed",
      "type": "google_storage_bucket_object",
      "name": "picture",
      "provider": "provider[\"registry.terraform.io/hashicorp/google\"]",
      "instances": [
        {
          "schema_version": 0,
          "attributes": {
            "bucket": "bucket-from-terraform-10122022",
            "cache_control": "",
            "content": null,
            "content_disposition": "",
            "content_encoding": "",
            "content_language": "",
            "content_type": "image/png",
            "crc32c": "dMMmdA==",
            "customer_encryption": [],
            "detect_md5hash": "Gvl92wp3zGlgK40CtXOVSw==",
            "event_based_hold": false,
            "id": "bucket-from-terraform-10122022-Jeremy",
            "kms_key_name": "",
            "md5hash": "Gvl92wp3zGlgK40CtXOVSw==",
            "media_link": "https://storage.googleapis.com/download/storage/v1/b/bucket-from-terraform-10122022/o/Jeremy?generation=1665552602049827\u0026alt=media",
            "metadata": null,
            "name": "Jeremy",
            "output_name": "Jeremy",
            "self_link": "https://www.googleapis.com/storage/v1/b/bucket-from-terraform-10122022/o/Jeremy",
            "source": "JC.png",
            "storage_class": "NEARLINE",
            "temporary_hold": false,
            "timeouts": null
          },
          "sensitive_attributes": [],
          "private": "eyJlMmJmYjczMC1lY2FhLTExZTYtOGY4OC0zNDM2M2JjN2M0YzAiOnsiY3JlYXRlIjoyNDAwMDAwMDAwMDAsImRlbGV0ZSI6MjQwMDAwMDAwMDAwLCJ1cGRhdGUiOjI0MDAwMDAwMDAwMH19",
          "dependencies": [
            "google_storage_bucket.GCS"
          ]
        }
      ]
    }
  ],
  "check_results": []
}
